
Microsoft Visual Studio Solution File, Format Version 12.00
# Visual Studio Version 17
VisualStudioVersion = 17.3.32922.545
MinimumVisualStudioVersion = 10.0.40219.1
Project("{FAE04EC0-301F-11D3-BF4B-00C04F79EFBC}") = "GamesStore", "GamesStore\GamesStore.csproj", "{5B82631C-27F5-4B56-8648-473D4232B84D}"
EndProject
Project("{FAE04EC0-301F-11D3-BF4B-00C04F79EFBC}") = "Contracts", "Contracts\Contracts.csproj", "{A954F616-96F8-4DA3-90EB-7F6EA1950728}"
EndProject
Project("{FAE04EC0-301F-11D3-BF4B-00C04F79EFBC}") = "LoggerService", "LoggerService\LoggerService.csproj", "{2CE5143E-B222-46BA-BF1E-C5549CEFFFD3}"
EndProject
Project("{FAE04EC0-301F-11D3-BF4B-00C04F79EFBC}") = "Entities", "Entities\Entities.csproj", "{5CC7B2F0-8CF9-4E1A-9B99-AA1E35C552B2}"
EndProject
Project("{FAE04EC0-301F-11D3-BF4B-00C04F79EFBC}") = "Repository", "Repository\Repository.csproj", "{D94A8B5F-21C0-43EF-B703-FCA8C8E039C2}"
EndProject
Global
	GlobalSection(SolutionConfigurationPlatforms) = preSolution
		Debug|Any CPU = Debug|Any CPU
		Release|Any CPU = Release|Any CPU
	EndGlobalSection
	GlobalSection(ProjectConfigurationPlatforms) = postSolution
		{5B82631C-27F5-4B56-8648-473D4232B84D}.Debug|Any CPU.ActiveCfg = Debug|Any CPU
		{5B82631C-27F5-4B56-8648-473D4232B84D}.Debug|Any CPU.Build.0 = Debug|Any CPU
		{5B82631C-27F5-4B56-8648-473D4232B84D}.Release|Any CPU.ActiveCfg = Release|Any CPU
		{5B82631C-27F5-4B56-8648-473D4232B84D}.Release|Any CPU.Build.0 = Release|Any CPU
		{A954F616-96F8-4DA3-90EB-7F6EA1950728}.Debug|Any CPU.ActiveCfg = Debug|Any CPU
		{A954F616-96F8-4DA3-90EB-7F6EA1950728}.Debug|Any CPU.Build.0 = Debug|Any CPU
		{A954F616-96F8-4DA3-90EB-7F6EA1950728}.Release|Any CPU.ActiveCfg = Release|Any CPU
		{A954F616-96F8-4DA3-90EB-7F6EA1950728}.Release|Any CPU.Build.0 = Release|Any CPU
		{2CE5143E-B222-46BA-BF1E-C5549CEFFFD3}.Debug|Any CPU.ActiveCfg = Debug|Any CPU
		{2CE5143E-B222-46BA-BF1E-C5549CEFFFD3}.Debug|Any CPU.Build.0 = Debug|Any CPU
		{2CE5143E-B222-46BA-BF1E-C5549CEFFFD3}.Release|Any CPU.ActiveCfg = Release|Any CPU
		{2CE5143E-B222-46BA-BF1E-C5549CEFFFD3}.Release|Any CPU.Build.0 = Release|Any CPU
		{5CC7B2F0-8CF9-4E1A-9B99-AA1E35C552B2}.Debug|Any CPU.ActiveCfg = Debug|Any CPU
		{5CC7B2F0-8CF9-4E1A-9B99-AA1E35C552B2}.Debug|Any CPU.Build.0 = Debug|Any CPU
		{5CC7B2F0-8CF9-4E1A-9B99-AA1E35C552B2}.Release|Any CPU.ActiveCfg = Release|Any CPU
		{5CC7B2F0-8CF9-4E1A-9B99-AA1E35C552B2}.Release|Any CPU.Build.0 = Release|Any CPU
		{D94A8B5F-21C0-43EF-B703-FCA8C8E039C2}.Debug|Any CPU.ActiveCfg = Debug|Any CPU
		{D94A8B5F-21C0-43EF-B703-FCA8C8E039C2}.Debug|Any CPU.Build.0 = Debug|Any CPU
		{D94A8B5F-21C0-43EF-B703-FCA8C8E039C2}.Release|Any CPU.ActiveCfg = Release|Any CPU
		{D94A8B5F-21C0-43EF-B703-FCA8C8E039C2}.Release|Any CPU.Build.0 = Release|Any CPU
	EndGlobalSection
	GlobalSection(SolutionProperties) = preSolution
		HideSolutionNode = FALSE
	EndGlobalSection
	GlobalSection(ExtensibilityGlobals) = postSolution
		SolutionGuid = {4FBEE68C-9B36-4173-996D-9C2CA4AD7E60}
	EndGlobalSection
EndGlobal
