
Microsoft Visual Studio Solution File, Format Version 12.00
# Visual Studio Version 17
VisualStudioVersion = 17.3.32922.545
MinimumVisualStudioVersion = 10.0.40219.1
Project("{FAE04EC0-301F-11D3-BF4B-00C04F79EFBC}") = "GamesStore", "GamesStore\GamesStore.csproj", "{5B82631C-27F5-4B56-8648-473D4232B84D}"
EndProject
Global
	GlobalSection(SolutionConfigurationPlatforms) = preSolution
		Debug|Any CPU = Debug|Any CPU
		Release|Any CPU = Release|Any CPU
	EndGlobalSection
	GlobalSection(ProjectConfigurationPlatforms) = postSolution
		{5B82631C-27F5-4B56-8648-473D4232B84D}.Debug|Any CPU.ActiveCfg = Debug|Any CPU
		{5B82631C-27F5-4B56-8648-473D4232B84D}.Debug|Any CPU.Build.0 = Debug|Any CPU
		{5B82631C-27F5-4B56-8648-473D4232B84D}.Release|Any CPU.ActiveCfg = Release|Any CPU
		{5B82631C-27F5-4B56-8648-473D4232B84D}.Release|Any CPU.Build.0 = Release|Any CPU
	EndGlobalSection
	GlobalSection(SolutionProperties) = preSolution
		HideSolutionNode = FALSE
	EndGlobalSection
	GlobalSection(ExtensibilityGlobals) = postSolution
		SolutionGuid = {4FBEE68C-9B36-4173-996D-9C2CA4AD7E60}
	EndGlobalSection
EndGlobal
